
Microsoft Visual Studio Solution File, Format Version 12.00
# Visual Studio Version 17
VisualStudioVersion = 17.2.32602.215
MinimumVisualStudioVersion = 10.0.40219.1
Project("{FAE04EC0-301F-11D3-BF4B-00C04F79EFBC}") = "ParkTracker_Server", "ParkTracker_Server\ParkTracker_Server.csproj", "{F948D561-68AC-4468-850A-B2D336B61A10}"
EndProject
Global
	GlobalSection(SolutionConfigurationPlatforms) = preSolution
		Debug|Any CPU = Debug|Any CPU
		Release|Any CPU = Release|Any CPU
	EndGlobalSection
	GlobalSection(ProjectConfigurationPlatforms) = postSolution
		{F948D561-68AC-4468-850A-B2D336B61A10}.Debug|Any CPU.ActiveCfg = Debug|Any CPU
		{F948D561-68AC-4468-850A-B2D336B61A10}.Debug|Any CPU.Build.0 = Debug|Any CPU
		{F948D561-68AC-4468-850A-B2D336B61A10}.Release|Any CPU.ActiveCfg = Release|Any CPU
		{F948D561-68AC-4468-850A-B2D336B61A10}.Release|Any CPU.Build.0 = Release|Any CPU
	EndGlobalSection
	GlobalSection(SolutionProperties) = preSolution
		HideSolutionNode = FALSE
	EndGlobalSection
	GlobalSection(ExtensibilityGlobals) = postSolution
		SolutionGuid = {04C04AE9-396E-4CDB-AC73-3BA89F36FB03}
	EndGlobalSection
EndGlobal
